
Microsoft Visual Studio Solution File, Format Version 12.00
# Visual Studio Version 17
VisualStudioVersion = 17.11.35222.181
MinimumVisualStudioVersion = 10.0.40219.1
Project("{FAE04EC0-301F-11D3-BF4B-00C04F79EFBC}") = "Aviacao", "Aviacao\Aviacao.csproj", "{CCC103CF-6B44-4D97-BA03-11B9A53A6BDA}"
EndProject
Global
	GlobalSection(SolutionConfigurationPlatforms) = preSolution
		Debug|Any CPU = Debug|Any CPU
		Release|Any CPU = Release|Any CPU
	EndGlobalSection
	GlobalSection(ProjectConfigurationPlatforms) = postSolution
		{CCC103CF-6B44-4D97-BA03-11B9A53A6BDA}.Debug|Any CPU.ActiveCfg = Debug|Any CPU
		{CCC103CF-6B44-4D97-BA03-11B9A53A6BDA}.Debug|Any CPU.Build.0 = Debug|Any CPU
		{CCC103CF-6B44-4D97-BA03-11B9A53A6BDA}.Release|Any CPU.ActiveCfg = Release|Any CPU
		{CCC103CF-6B44-4D97-BA03-11B9A53A6BDA}.Release|Any CPU.Build.0 = Release|Any CPU
	EndGlobalSection
	GlobalSection(SolutionProperties) = preSolution
		HideSolutionNode = FALSE
	EndGlobalSection
	GlobalSection(ExtensibilityGlobals) = postSolution
		SolutionGuid = {E172F091-E8E4-4F49-B498-9E4D956D33FE}
	EndGlobalSection
EndGlobal
